
Microsoft Visual Studio Solution File, Format Version 12.00
# Visual Studio Version 17
VisualStudioVersion = 17.0.31903.59
MinimumVisualStudioVersion = 10.0.40219.1
Project("{2150E333-8FDC-42A3-9474-1A3956D46DE8}") = "src", "src", "{0A417CF6-30A3-42FD-B246-F5DA8D0A0989}"
EndProject
Project("{FAE04EC0-301F-11D3-BF4B-00C04F79EFBC}") = "WorkPortal.Api", "src\WorkPortal.Api\WorkPortal.Api.csproj", "{DBB799F7-ACA2-4898-ACDD-1F02D5D89DFB}"
EndProject
Global
	GlobalSection(SolutionConfigurationPlatforms) = preSolution
		Debug|Any CPU = Debug|Any CPU
		Release|Any CPU = Release|Any CPU
	EndGlobalSection
	GlobalSection(SolutionProperties) = preSolution
		HideSolutionNode = FALSE
	EndGlobalSection
	GlobalSection(ProjectConfigurationPlatforms) = postSolution
		{DBB799F7-ACA2-4898-ACDD-1F02D5D89DFB}.Debug|Any CPU.ActiveCfg = Debug|Any CPU
		{DBB799F7-ACA2-4898-ACDD-1F02D5D89DFB}.Debug|Any CPU.Build.0 = Debug|Any CPU
		{DBB799F7-ACA2-4898-ACDD-1F02D5D89DFB}.Release|Any CPU.ActiveCfg = Release|Any CPU
		{DBB799F7-ACA2-4898-ACDD-1F02D5D89DFB}.Release|Any CPU.Build.0 = Release|Any CPU
	EndGlobalSection
	GlobalSection(NestedProjects) = preSolution
		{DBB799F7-ACA2-4898-ACDD-1F02D5D89DFB} = {0A417CF6-30A3-42FD-B246-F5DA8D0A0989}
	EndGlobalSection
EndGlobal
